{
  "name": "git-trim",
  "version": "0.2.1",
  "lockfileVersion": 2,
  "requires": true,
  "packages": {
    "": {
      "name": "git-trim",
      "version": "0.2.1",
      "license": "MIT",
      "bin": {
        "git-trim": "git-trim"
      },
      "engines": {
        "node": ">=0.10.3",
        "npm": ">=2.0.0"
      }
    }
  }
}
